
Microsoft Visual Studio Solution File, Format Version 12.00
# Visual Studio Version 17
VisualStudioVersion = 17.11.35222.181
MinimumVisualStudioVersion = 10.0.40219.1
Project("{FAE04EC0-301F-11D3-BF4B-00C04F79EFBC}") = "api-crud-csharp", "api-crud-csharp.csproj", "{99F4C09D-91F6-4403-B7B0-BEC082F6DB66}"
EndProject
Global
	GlobalSection(SolutionConfigurationPlatforms) = preSolution
		Debug|Any CPU = Debug|Any CPU
		Release|Any CPU = Release|Any CPU
	EndGlobalSection
	GlobalSection(ProjectConfigurationPlatforms) = postSolution
		{99F4C09D-91F6-4403-B7B0-BEC082F6DB66}.Debug|Any CPU.ActiveCfg = Debug|Any CPU
		{99F4C09D-91F6-4403-B7B0-BEC082F6DB66}.Debug|Any CPU.Build.0 = Debug|Any CPU
		{99F4C09D-91F6-4403-B7B0-BEC082F6DB66}.Release|Any CPU.ActiveCfg = Release|Any CPU
		{99F4C09D-91F6-4403-B7B0-BEC082F6DB66}.Release|Any CPU.Build.0 = Release|Any CPU
	EndGlobalSection
	GlobalSection(SolutionProperties) = preSolution
		HideSolutionNode = FALSE
	EndGlobalSection
	GlobalSection(ExtensibilityGlobals) = postSolution
		SolutionGuid = {119E3892-4CB0-4957-9174-BB009D215CCF}
	EndGlobalSection
EndGlobal
